
Microsoft Visual Studio Solution File, Format Version 12.00
# Visual Studio Version 17
VisualStudioVersion = 17.0.31903.59
MinimumVisualStudioVersion = 10.0.40219.1
Project("{2150E333-8FDC-42A3-9474-1A3956D46DE8}") = "dti-challenge", "dti-challenge", "{1FF271D0-C369-4D8D-A1FE-5526F5A0B95D}"
EndProject
Project("{FAE04EC0-301F-11D3-BF4B-00C04F79EFBC}") = "DtiChallenge", "dti-challenge\DtiChallenge\DtiChallenge.csproj", "{6EC6553A-9023-4442-8D79-D3D17DADC086}"
EndProject
Global
	GlobalSection(SolutionConfigurationPlatforms) = preSolution
		Debug|Any CPU = Debug|Any CPU
		Release|Any CPU = Release|Any CPU
	EndGlobalSection
	GlobalSection(SolutionProperties) = preSolution
		HideSolutionNode = FALSE
	EndGlobalSection
	GlobalSection(ProjectConfigurationPlatforms) = postSolution
		{6EC6553A-9023-4442-8D79-D3D17DADC086}.Debug|Any CPU.ActiveCfg = Debug|Any CPU
		{6EC6553A-9023-4442-8D79-D3D17DADC086}.Debug|Any CPU.Build.0 = Debug|Any CPU
		{6EC6553A-9023-4442-8D79-D3D17DADC086}.Release|Any CPU.ActiveCfg = Release|Any CPU
		{6EC6553A-9023-4442-8D79-D3D17DADC086}.Release|Any CPU.Build.0 = Release|Any CPU
	EndGlobalSection
	GlobalSection(NestedProjects) = preSolution
		{6EC6553A-9023-4442-8D79-D3D17DADC086} = {1FF271D0-C369-4D8D-A1FE-5526F5A0B95D}
	EndGlobalSection
EndGlobal
